<?xml version="1.0" encoding="utf-8"?>
<Project ToolsVersion="4.0" xmlns="http://schemas.microsoft.com/developer/msbuild/2003">
  <ItemGroup>
    <Filter Include="src">
      <UniqueIdentifier>{4FC737F1-C7A5-4376-A066-2A32D752A2FF}</UniqueIdentifier>
      <Extensions>cpp;c;cc;cxx;def;odl;idl;hpj;bat;asm;asmx</Extensions>
    </Filter>
    <Filter Include="src\win32">
      <UniqueIdentifier>{334f57ab-9054-47c3-aa97-80ac5987fcf4}</UniqueIdentifier>
    </Filter>
  </ItemGroup>
  <ItemGroup>
    <ClCompile Include="..\..\codeconv\codeconv.c">
      <Filter>src</Filter>
    </ClCompile>
    <ClCompile Include="..\..\codeconv\win32\getopt_longw.c">
      <Filter>src\win32</Filter>
    </ClCompile>
    <ClCompile Include="..\..\codeconv\win32\getoptw.c">
      <Filter>src\win32</Filter>
    </ClCompile>
  </ItemGroup>
  <ItemGroup>
    <ClInclude Include="..\..\codeconv\app_incl.h">
      <Filter>src</Filter>
    </ClInclude>
    <ClInclude Include="..\..\codeconv\win32\getopt_intw.h">
      <Filter>src\win32</Filter>
    </ClInclude>
    <ClInclude Include="..\..\codeconv\win32\getoptw.h">
      <Filter>src\win32</Filter>
    </ClInclude>
  </ItemGroup>
</Project>